
Microsoft Visual Studio Solution File, Format Version 12.00
# Visual Studio Version 16
VisualStudioVersion = 16.0.29519.87
MinimumVisualStudioVersion = 10.0.40219.1
Project("{FAE04EC0-301F-11D3-BF4B-00C04F79EFBC}") = "Week10OOP", "Week10OOP\Week10OOP.csproj", "{86B0E86A-6083-413E-AB99-537308F3CBD0}"
EndProject
Global
	GlobalSection(SolutionConfigurationPlatforms) = preSolution
		Debug|Any CPU = Debug|Any CPU
		Release|Any CPU = Release|Any CPU
	EndGlobalSection
	GlobalSection(ProjectConfigurationPlatforms) = postSolution
		{86B0E86A-6083-413E-AB99-537308F3CBD0}.Debug|Any CPU.ActiveCfg = Debug|Any CPU
		{86B0E86A-6083-413E-AB99-537308F3CBD0}.Debug|Any CPU.Build.0 = Debug|Any CPU
		{86B0E86A-6083-413E-AB99-537308F3CBD0}.Release|Any CPU.ActiveCfg = Release|Any CPU
		{86B0E86A-6083-413E-AB99-537308F3CBD0}.Release|Any CPU.Build.0 = Release|Any CPU
	EndGlobalSection
	GlobalSection(SolutionProperties) = preSolution
		HideSolutionNode = FALSE
	EndGlobalSection
	GlobalSection(ExtensibilityGlobals) = postSolution
		SolutionGuid = {0C4B9D53-0C46-408B-AE89-7E88F055CCE3}
	EndGlobalSection
EndGlobal
