
Microsoft Visual Studio Solution File, Format Version 12.00
# Visual Studio Version 16
VisualStudioVersion = 16.0.29519.87
MinimumVisualStudioVersion = 10.0.40219.1
Project("{FAE04EC0-301F-11D3-BF4B-00C04F79EFBC}") = "wek14oop", "wek14oop\wek14oop.csproj", "{63E6852D-5B15-4131-A361-71083779B75D}"
EndProject
Global
	GlobalSection(SolutionConfigurationPlatforms) = preSolution
		Debug|Any CPU = Debug|Any CPU
		Release|Any CPU = Release|Any CPU
	EndGlobalSection
	GlobalSection(ProjectConfigurationPlatforms) = postSolution
		{63E6852D-5B15-4131-A361-71083779B75D}.Debug|Any CPU.ActiveCfg = Debug|Any CPU
		{63E6852D-5B15-4131-A361-71083779B75D}.Debug|Any CPU.Build.0 = Debug|Any CPU
		{63E6852D-5B15-4131-A361-71083779B75D}.Release|Any CPU.ActiveCfg = Release|Any CPU
		{63E6852D-5B15-4131-A361-71083779B75D}.Release|Any CPU.Build.0 = Release|Any CPU
	EndGlobalSection
	GlobalSection(SolutionProperties) = preSolution
		HideSolutionNode = FALSE
	EndGlobalSection
	GlobalSection(ExtensibilityGlobals) = postSolution
		SolutionGuid = {5217EE58-37B5-4DEC-BC50-88340963C7B1}
	EndGlobalSection
EndGlobal
