
Microsoft Visual Studio Solution File, Format Version 12.00
# Visual Studio Version 16
VisualStudioVersion = 16.0.29509.3
MinimumVisualStudioVersion = 10.0.40219.1
Project("{FAE04EC0-301F-11D3-BF4B-00C04F79EFBC}") = "Week9OOP", "Week9OOP\Week9OOP.csproj", "{4E7633F0-1EC1-4836-B84C-34CB79165934}"
EndProject
Project("{FAE04EC0-301F-11D3-BF4B-00C04F79EFBC}") = "InternalTest", "InternalTest\InternalTest.csproj", "{56FF58C2-1B8E-4FA0-896F-5A63D8F827BB}"
EndProject
Project("{FAE04EC0-301F-11D3-BF4B-00C04F79EFBC}") = "InterfacesAndClassTypes", "InterfacesAndClassTypes\InterfacesAndClassTypes.csproj", "{D4453F6B-DCA7-4826-9E34-ABD589365B82}"
EndProject
Global
	GlobalSection(SolutionConfigurationPlatforms) = preSolution
		Debug|Any CPU = Debug|Any CPU
		Release|Any CPU = Release|Any CPU
	EndGlobalSection
	GlobalSection(ProjectConfigurationPlatforms) = postSolution
		{4E7633F0-1EC1-4836-B84C-34CB79165934}.Debug|Any CPU.ActiveCfg = Debug|Any CPU
		{4E7633F0-1EC1-4836-B84C-34CB79165934}.Debug|Any CPU.Build.0 = Debug|Any CPU
		{4E7633F0-1EC1-4836-B84C-34CB79165934}.Release|Any CPU.ActiveCfg = Release|Any CPU
		{4E7633F0-1EC1-4836-B84C-34CB79165934}.Release|Any CPU.Build.0 = Release|Any CPU
		{56FF58C2-1B8E-4FA0-896F-5A63D8F827BB}.Debug|Any CPU.ActiveCfg = Debug|Any CPU
		{56FF58C2-1B8E-4FA0-896F-5A63D8F827BB}.Debug|Any CPU.Build.0 = Debug|Any CPU
		{56FF58C2-1B8E-4FA0-896F-5A63D8F827BB}.Release|Any CPU.ActiveCfg = Release|Any CPU
		{56FF58C2-1B8E-4FA0-896F-5A63D8F827BB}.Release|Any CPU.Build.0 = Release|Any CPU
		{D4453F6B-DCA7-4826-9E34-ABD589365B82}.Debug|Any CPU.ActiveCfg = Debug|Any CPU
		{D4453F6B-DCA7-4826-9E34-ABD589365B82}.Debug|Any CPU.Build.0 = Debug|Any CPU
		{D4453F6B-DCA7-4826-9E34-ABD589365B82}.Release|Any CPU.ActiveCfg = Release|Any CPU
		{D4453F6B-DCA7-4826-9E34-ABD589365B82}.Release|Any CPU.Build.0 = Release|Any CPU
	EndGlobalSection
	GlobalSection(SolutionProperties) = preSolution
		HideSolutionNode = FALSE
	EndGlobalSection
	GlobalSection(ExtensibilityGlobals) = postSolution
		SolutionGuid = {AF15E3B2-A2ED-406C-ABC4-EBD1F928E444}
	EndGlobalSection
EndGlobal
