
Microsoft Visual Studio Solution File, Format Version 12.00
# Visual Studio 15
Project("{FAE04EC0-301F-11D3-BF4B-00C04F79EFBC}") = "Week7OOP", "Week7OOP\Week7OOP.csproj", "{E3AB680C-1F83-416A-A64F-8AFE9916DD4D}"
EndProject
Project("{FAE04EC0-301F-11D3-BF4B-00C04F79EFBC}") = "LINQExamples", "LINQExamples\LINQExamples.csproj", "{C2099D4D-6889-48C0-B3C3-E88EDB357729}"
EndProject
Global
	GlobalSection(SolutionConfigurationPlatforms) = preSolution
		Debug|anycpu = Debug|anycpu
		Release|anycpu = Release|anycpu
	EndGlobalSection
	GlobalSection(ProjectConfigurationPlatforms) = postSolution
		{E3AB680C-1F83-416A-A64F-8AFE9916DD4D}.Debug|anycpu.ActiveCfg = Debug|anycpu
		{E3AB680C-1F83-416A-A64F-8AFE9916DD4D}.Debug|anycpu.Build.0 = Debug|anycpu
		{E3AB680C-1F83-416A-A64F-8AFE9916DD4D}.Release|anycpu.ActiveCfg = Release|anycpu
		{E3AB680C-1F83-416A-A64F-8AFE9916DD4D}.Release|anycpu.Build.0 = Release|anycpu
		{C2099D4D-6889-48C0-B3C3-E88EDB357729}.Debug|anycpu.ActiveCfg = Debug|anycpu
		{C2099D4D-6889-48C0-B3C3-E88EDB357729}.Debug|anycpu.Build.0 = Debug|anycpu
		{C2099D4D-6889-48C0-B3C3-E88EDB357729}.Release|anycpu.ActiveCfg = Release|anycpu
		{C2099D4D-6889-48C0-B3C3-E88EDB357729}.Release|anycpu.Build.0 = Release|anycpu
	EndGlobalSection
EndGlobal
