
Microsoft Visual Studio Solution File, Format Version 12.00
# Visual Studio 15
VisualStudioVersion = 15.0.28010.2046
MinimumVisualStudioVersion = 10.0.40219.1
Project("{FAE04EC0-301F-11D3-BF4B-00C04F79EFBC}") = "Week3", "Week3\Week3.csproj", "{782F4E72-DE20-4F7B-836B-3798314A64BE}"
EndProject
Project("{FAE04EC0-301F-11D3-BF4B-00C04F79EFBC}") = "Week3OOP", "Week3OOP\Week3OOP.csproj", "{680649D1-848E-4369-B6D7-B3396643F2D3}"
EndProject
Global
	GlobalSection(SolutionConfigurationPlatforms) = preSolution
		Debug|Any CPU = Debug|Any CPU
		Release|Any CPU = Release|Any CPU
	EndGlobalSection
	GlobalSection(ProjectConfigurationPlatforms) = postSolution
		{782F4E72-DE20-4F7B-836B-3798314A64BE}.Debug|Any CPU.ActiveCfg = Debug|Any CPU
		{782F4E72-DE20-4F7B-836B-3798314A64BE}.Debug|Any CPU.Build.0 = Debug|Any CPU
		{782F4E72-DE20-4F7B-836B-3798314A64BE}.Release|Any CPU.ActiveCfg = Release|Any CPU
		{782F4E72-DE20-4F7B-836B-3798314A64BE}.Release|Any CPU.Build.0 = Release|Any CPU
		{680649D1-848E-4369-B6D7-B3396643F2D3}.Debug|Any CPU.ActiveCfg = Debug|Any CPU
		{680649D1-848E-4369-B6D7-B3396643F2D3}.Debug|Any CPU.Build.0 = Debug|Any CPU
		{680649D1-848E-4369-B6D7-B3396643F2D3}.Release|Any CPU.ActiveCfg = Release|Any CPU
		{680649D1-848E-4369-B6D7-B3396643F2D3}.Release|Any CPU.Build.0 = Release|Any CPU
	EndGlobalSection
	GlobalSection(SolutionProperties) = preSolution
		HideSolutionNode = FALSE
	EndGlobalSection
	GlobalSection(ExtensibilityGlobals) = postSolution
		SolutionGuid = {2A8F44A1-A7AA-4EFE-B010-F29E9B38E282}
	EndGlobalSection
EndGlobal
